
Microsoft Visual Studio Solution File, Format Version 12.00
# Visual Studio 2013
VisualStudioVersion = 12.0.31101.0
MinimumVisualStudioVersion = 10.0.40219.1
Project("{FAE04EC0-301F-11D3-BF4B-00C04F79EFBC}") = "PtPScorecard", "PtPScorecard\PtPScorecard.csproj", "{EE27FDEB-8B94-4778-AE41-F0F4C5A3D056}"
EndProject
Global
	GlobalSection(SolutionConfigurationPlatforms) = preSolution
		Debug|Any CPU = Debug|Any CPU
		Debug|ARM = Debug|ARM
		Debug|x86 = Debug|x86
		Release|Any CPU = Release|Any CPU
		Release|ARM = Release|ARM
		Release|x86 = Release|x86
	EndGlobalSection
	GlobalSection(ProjectConfigurationPlatforms) = postSolution
		{EE27FDEB-8B94-4778-AE41-F0F4C5A3D056}.Debug|Any CPU.ActiveCfg = Debug|Any CPU
		{EE27FDEB-8B94-4778-AE41-F0F4C5A3D056}.Debug|Any CPU.Build.0 = Debug|Any CPU
		{EE27FDEB-8B94-4778-AE41-F0F4C5A3D056}.Debug|Any CPU.Deploy.0 = Debug|Any CPU
		{EE27FDEB-8B94-4778-AE41-F0F4C5A3D056}.Debug|ARM.ActiveCfg = Debug|ARM
		{EE27FDEB-8B94-4778-AE41-F0F4C5A3D056}.Debug|ARM.Build.0 = Debug|ARM
		{EE27FDEB-8B94-4778-AE41-F0F4C5A3D056}.Debug|ARM.Deploy.0 = Debug|ARM
		{EE27FDEB-8B94-4778-AE41-F0F4C5A3D056}.Debug|x86.ActiveCfg = Debug|x86
		{EE27FDEB-8B94-4778-AE41-F0F4C5A3D056}.Debug|x86.Build.0 = Debug|x86
		{EE27FDEB-8B94-4778-AE41-F0F4C5A3D056}.Debug|x86.Deploy.0 = Debug|x86
		{EE27FDEB-8B94-4778-AE41-F0F4C5A3D056}.Release|Any CPU.ActiveCfg = Release|Any CPU
		{EE27FDEB-8B94-4778-AE41-F0F4C5A3D056}.Release|Any CPU.Build.0 = Release|Any CPU
		{EE27FDEB-8B94-4778-AE41-F0F4C5A3D056}.Release|Any CPU.Deploy.0 = Release|Any CPU
		{EE27FDEB-8B94-4778-AE41-F0F4C5A3D056}.Release|ARM.ActiveCfg = Release|ARM
		{EE27FDEB-8B94-4778-AE41-F0F4C5A3D056}.Release|ARM.Build.0 = Release|ARM
		{EE27FDEB-8B94-4778-AE41-F0F4C5A3D056}.Release|ARM.Deploy.0 = Release|ARM
		{EE27FDEB-8B94-4778-AE41-F0F4C5A3D056}.Release|x86.ActiveCfg = Release|x86
		{EE27FDEB-8B94-4778-AE41-F0F4C5A3D056}.Release|x86.Build.0 = Release|x86
		{EE27FDEB-8B94-4778-AE41-F0F4C5A3D056}.Release|x86.Deploy.0 = Release|x86
	EndGlobalSection
	GlobalSection(SolutionProperties) = preSolution
		HideSolutionNode = FALSE
	EndGlobalSection
EndGlobal
